
Microsoft Visual Studio Solution File, Format Version 12.00
# Visual Studio Version 17
VisualStudioVersion = 17.11.35327.3
MinimumVisualStudioVersion = 10.0.40219.1
Project("{9A19103F-16F7-4668-BE54-9A1E7A4F7556}") = "Frontend", "Frontend\Frontend.csproj", "{7EA4B5E3-2DFC-49A4-BF56-4A9A18F61346}"
EndProject
Project("{9A19103F-16F7-4668-BE54-9A1E7A4F7556}") = "MediaService", "MediaService\MediaService.csproj", "{395E4D91-71C5-4036-98CC-9A91BC460EA5}"
EndProject
Project("{FAE04EC0-301F-11D3-BF4B-00C04F79EFBC}") = "TransactionService", "TransactionService\TransactionService.csproj", "{0D10B68E-0A1E-4BAF-BF0B-7AE6993E29D6}"
EndProject
Project("{FAE04EC0-301F-11D3-BF4B-00C04F79EFBC}") = "Tests", "Tests\Tests.csproj", "{33D8B2EF-DE69-455A-A8A4-0DC228E25E71}"
EndProject
Global
	GlobalSection(SolutionConfigurationPlatforms) = preSolution
		Debug|Any CPU = Debug|Any CPU
		Release|Any CPU = Release|Any CPU
	EndGlobalSection
	GlobalSection(ProjectConfigurationPlatforms) = postSolution
		{7EA4B5E3-2DFC-49A4-BF56-4A9A18F61346}.Debug|Any CPU.ActiveCfg = Debug|Any CPU
		{7EA4B5E3-2DFC-49A4-BF56-4A9A18F61346}.Debug|Any CPU.Build.0 = Debug|Any CPU
		{7EA4B5E3-2DFC-49A4-BF56-4A9A18F61346}.Release|Any CPU.ActiveCfg = Release|Any CPU
		{7EA4B5E3-2DFC-49A4-BF56-4A9A18F61346}.Release|Any CPU.Build.0 = Release|Any CPU
		{395E4D91-71C5-4036-98CC-9A91BC460EA5}.Debug|Any CPU.ActiveCfg = Debug|Any CPU
		{395E4D91-71C5-4036-98CC-9A91BC460EA5}.Debug|Any CPU.Build.0 = Debug|Any CPU
		{395E4D91-71C5-4036-98CC-9A91BC460EA5}.Release|Any CPU.ActiveCfg = Release|Any CPU
		{395E4D91-71C5-4036-98CC-9A91BC460EA5}.Release|Any CPU.Build.0 = Release|Any CPU
		{0D10B68E-0A1E-4BAF-BF0B-7AE6993E29D6}.Debug|Any CPU.ActiveCfg = Debug|Any CPU
		{0D10B68E-0A1E-4BAF-BF0B-7AE6993E29D6}.Debug|Any CPU.Build.0 = Debug|Any CPU
		{0D10B68E-0A1E-4BAF-BF0B-7AE6993E29D6}.Release|Any CPU.ActiveCfg = Release|Any CPU
		{0D10B68E-0A1E-4BAF-BF0B-7AE6993E29D6}.Release|Any CPU.Build.0 = Release|Any CPU
		{33D8B2EF-DE69-455A-A8A4-0DC228E25E71}.Debug|Any CPU.ActiveCfg = Debug|Any CPU
		{33D8B2EF-DE69-455A-A8A4-0DC228E25E71}.Debug|Any CPU.Build.0 = Debug|Any CPU
		{33D8B2EF-DE69-455A-A8A4-0DC228E25E71}.Release|Any CPU.ActiveCfg = Release|Any CPU
		{33D8B2EF-DE69-455A-A8A4-0DC228E25E71}.Release|Any CPU.Build.0 = Release|Any CPU
	EndGlobalSection
	GlobalSection(SolutionProperties) = preSolution
		HideSolutionNode = FALSE
	EndGlobalSection
	GlobalSection(ExtensibilityGlobals) = postSolution
		SolutionGuid = {2D6457AA-B07E-4E43-BF64-CBAFF59B1C24}
	EndGlobalSection
EndGlobal
